// !$*UTF8*$!
{
	archiveVersion = 1;
	classes = {
	};
	objectVersion = 77;
	objects = {

/* Begin PBXBuildFile section */
		672E751B2E4309C3001F9587 /* Kingfisher in Frameworks */ = {isa = PBXBuildFile; productRef = 672E751A2E4309C3001F9587 /* Kingfisher */; };
		6734B4EB2DC8AFF600B0D468 /* README.md in Resources */ = {isa = PBXBuildFile; fileRef = 6734B4EA2DC8AFF600B0D468 /* README.md */; };
		6734B4EF2DC8B0CF00B0D468 /* .gitignore in Resources */ = {isa = PBXBuildFile; fileRef = 6734B4EE2DC8B0CF00B0D468 /* .gitignore */; };
		67B56DB92DFFDF4D00FEE91C /* FirebaseAuth in Frameworks */ = {isa = PBXBuildFile; productRef = 67B56DB82DFFDF4D00FEE91C /* FirebaseAuth */; };
		67B56DBB2DFFDF4D00FEE91C /* FirebaseFirestore in Frameworks */ = {isa = PBXBuildFile; productRef = 67B56DBA2DFFDF4D00FEE91C /* FirebaseFirestore */; };
		67B56DBD2DFFDF4D00FEE91C /* FirebaseStorage in Frameworks */ = {isa = PBXBuildFile; productRef = 67B56DBC2DFFDF4D00FEE91C /* FirebaseStorage */; };
/* End PBXBuildFile section */

/* Begin PBXContainerItemProxy section */
		676FFAEF2DC86A4500B92CF6 /* PBXContainerItemProxy */ = {
			isa = PBXContainerItemProxy;
			containerPortal = 676FFAD92DC86A4400B92CF6 /* Project object */;
			proxyType = 1;
			remoteGlobalIDString = 676FFAE02DC86A4400B92CF6;
			remoteInfo = ThreadsClone;
		};
		676FFAF92DC86A4500B92CF6 /* PBXContainerItemProxy */ = {
			isa = PBXContainerItemProxy;
			containerPortal = 676FFAD92DC86A4400B92CF6 /* Project object */;
			proxyType = 1;
			remoteGlobalIDString = 676FFAE02DC86A4400B92CF6;
			remoteInfo = ThreadsClone;
		};
/* End PBXContainerItemProxy section */

/* Begin PBXFileReference section */
		6734B4EA2DC8AFF600B0D468 /* README.md */ = {isa = PBXFileReference; lastKnownFileType = net.daringfireball.markdown; path = README.md; sourceTree = "<group>"; };
		6734B4EE2DC8B0CF00B0D468 /* .gitignore */ = {isa = PBXFileReference; lastKnownFileType = text; path = .gitignore; sourceTree = "<group>"; };
		676FFAE12DC86A4400B92CF6 /* TodayDiary.app */ = {isa = PBXFileReference; explicitFileType = wrapper.application; includeInIndex = 0; path = TodayDiary.app; sourceTree = BUILT_PRODUCTS_DIR; };
		676FFAEE2DC86A4500B92CF6 /* ThreadsCloneTests.xctest */ = {isa = PBXFileReference; explicitFileType = wrapper.cfbundle; includeInIndex = 0; path = ThreadsCloneTests.xctest; sourceTree = BUILT_PRODUCTS_DIR; };
		676FFAF82DC86A4500B92CF6 /* ThreadsCloneUITests.xctest */ = {isa = PBXFileReference; explicitFileType = wrapper.cfbundle; includeInIndex = 0; path = ThreadsCloneUITests.xctest; sourceTree = BUILT_PRODUCTS_DIR; };
		67C2EB742E52E20F0088B7BD /* TodayDiary-Info.plist */ = {isa = PBXFileReference; lastKnownFileType = text.plist; path = "TodayDiary-Info.plist"; sourceTree = "<group>"; };
/* End PBXFileReference section */

/* Begin PBXFileSystemSynchronizedRootGroup section */
		6734B4E02DC8AC1800B0D468 /* ScreenShots */ = {
			isa = PBXFileSystemSynchronizedRootGroup;
			path = ScreenShots;
			sourceTree = "<group>";
		};
		676FFAE32DC86A4400B92CF6 /* ThreadsClone */ = {
			isa = PBXFileSystemSynchronizedRootGroup;
			path = ThreadsClone;
			sourceTree = "<group>";
		};
		676FFAF12DC86A4500B92CF6 /* ThreadsCloneTests */ = {
			isa = PBXFileSystemSynchronizedRootGroup;
			path = ThreadsCloneTests;
			sourceTree = "<group>";
		};
		676FFAFB2DC86A4500B92CF6 /* ThreadsCloneUITests */ = {
			isa = PBXFileSystemSynchronizedRootGroup;
			path = ThreadsCloneUITests;
			sourceTree = "<group>";
		};
/* End PBXFileSystemSynchronizedRootGroup section */

/* Begin PBXFrameworksBuildPhase section */
		676FFADE2DC86A4400B92CF6 /* Frameworks */ = {
			isa = PBXFrameworksBuildPhase;
			buildActionMask = 2147483647;
			files = (
				672E751B2E4309C3001F9587 /* Kingfisher in Frameworks */,
				67B56DB92DFFDF4D00FEE91C /* FirebaseAuth in Frameworks */,
				67B56DBB2DFFDF4D00FEE91C /* FirebaseFirestore in Frameworks */,
				67B56DBD2DFFDF4D00FEE91C /* FirebaseStorage in Frameworks */,
			);
			runOnlyForDeploymentPostprocessing = 0;
		};
		676FFAEB2DC86A4500B92CF6 /* Frameworks */ = {
			isa = PBXFrameworksBuildPhase;
			buildActionMask = 2147483647;
			files = (
			);
			runOnlyForDeploymentPostprocessing = 0;
		};
		676FFAF52DC86A4500B92CF6 /* Frameworks */ = {
			isa = PBXFrameworksBuildPhase;
			buildActionMask = 2147483647;
			files = (
			);
			runOnlyForDeploymentPostprocessing = 0;
		};
/* End PBXFrameworksBuildPhase section */

/* Begin PBXGroup section */
		676FFAD82DC86A4400B92CF6 = {
			isa = PBXGroup;
			children = (
				67C2EB742E52E20F0088B7BD /* TodayDiary-Info.plist */,
				6734B4EE2DC8B0CF00B0D468 /* .gitignore */,
				6734B4EA2DC8AFF600B0D468 /* README.md */,
				6734B4E02DC8AC1800B0D468 /* ScreenShots */,
				676FFAE32DC86A4400B92CF6 /* ThreadsClone */,
				676FFAF12DC86A4500B92CF6 /* ThreadsCloneTests */,
				676FFAFB2DC86A4500B92CF6 /* ThreadsCloneUITests */,
				676FFAE22DC86A4400B92CF6 /* Products */,
			);
			sourceTree = "<group>";
		};
		676FFAE22DC86A4400B92CF6 /* Products */ = {
			isa = PBXGroup;
			children = (
				676FFAE12DC86A4400B92CF6 /* TodayDiary.app */,
				676FFAEE2DC86A4500B92CF6 /* ThreadsCloneTests.xctest */,
				676FFAF82DC86A4500B92CF6 /* ThreadsCloneUITests.xctest */,
			);
			name = Products;
			sourceTree = "<group>";
		};
/* End PBXGroup section */

/* Begin PBXNativeTarget section */
		676FFAE02DC86A4400B92CF6 /* TodayDiary */ = {
			isa = PBXNativeTarget;
			buildConfigurationList = 676FFB022DC86A4500B92CF6 /* Build configuration list for PBXNativeTarget "TodayDiary" */;
			buildPhases = (
				676FFADD2DC86A4400B92CF6 /* Sources */,
				676FFADE2DC86A4400B92CF6 /* Frameworks */,
				676FFADF2DC86A4400B92CF6 /* Resources */,
			);
			buildRules = (
			);
			dependencies = (
			);
			fileSystemSynchronizedGroups = (
				6734B4E02DC8AC1800B0D468 /* ScreenShots */,
				676FFAE32DC86A4400B92CF6 /* ThreadsClone */,
			);
			name = TodayDiary;
			packageProductDependencies = (
				67B56DB82DFFDF4D00FEE91C /* FirebaseAuth */,
				67B56DBA2DFFDF4D00FEE91C /* FirebaseFirestore */,
				67B56DBC2DFFDF4D00FEE91C /* FirebaseStorage */,
				672E751A2E4309C3001F9587 /* Kingfisher */,
			);
			productName = ThreadsClone;
			productReference = 676FFAE12DC86A4400B92CF6 /* TodayDiary.app */;
			productType = "com.apple.product-type.application";
		};
		676FFAED2DC86A4500B92CF6 /* ThreadsCloneTests */ = {
			isa = PBXNativeTarget;
			buildConfigurationList = 676FFB052DC86A4500B92CF6 /* Build configuration list for PBXNativeTarget "ThreadsCloneTests" */;
			buildPhases = (
				676FFAEA2DC86A4500B92CF6 /* Sources */,
				676FFAEB2DC86A4500B92CF6 /* Frameworks */,
				676FFAEC2DC86A4500B92CF6 /* Resources */,
			);
			buildRules = (
			);
			dependencies = (
				676FFAF02DC86A4500B92CF6 /* PBXTargetDependency */,
			);
			fileSystemSynchronizedGroups = (
				676FFAF12DC86A4500B92CF6 /* ThreadsCloneTests */,
			);
			name = ThreadsCloneTests;
			packageProductDependencies = (
			);
			productName = ThreadsCloneTests;
			productReference = 676FFAEE2DC86A4500B92CF6 /* ThreadsCloneTests.xctest */;
			productType = "com.apple.product-type.bundle.unit-test";
		};
		676FFAF72DC86A4500B92CF6 /* ThreadsCloneUITests */ = {
			isa = PBXNativeTarget;
			buildConfigurationList = 676FFB082DC86A4500B92CF6 /* Build configuration list for PBXNativeTarget "ThreadsCloneUITests" */;
			buildPhases = (
				676FFAF42DC86A4500B92CF6 /* Sources */,
				676FFAF52DC86A4500B92CF6 /* Frameworks */,
				676FFAF62DC86A4500B92CF6 /* Resources */,
			);
			buildRules = (
			);
			dependencies = (
				676FFAFA2DC86A4500B92CF6 /* PBXTargetDependency */,
			);
			fileSystemSynchronizedGroups = (
				676FFAFB2DC86A4500B92CF6 /* ThreadsCloneUITests */,
			);
			name = ThreadsCloneUITests;
			packageProductDependencies = (
			);
			productName = ThreadsCloneUITests;
			productReference = 676FFAF82DC86A4500B92CF6 /* ThreadsCloneUITests.xctest */;
			productType = "com.apple.product-type.bundle.ui-testing";
		};
/* End PBXNativeTarget section */

/* Begin PBXProject section */
		676FFAD92DC86A4400B92CF6 /* Project object */ = {
			isa = PBXProject;
			attributes = {
				BuildIndependentTargetsInParallel = 1;
				LastSwiftUpdateCheck = 1630;
				LastUpgradeCheck = 1630;
				TargetAttributes = {
					676FFAE02DC86A4400B92CF6 = {
						CreatedOnToolsVersion = 16.3;
					};
					676FFAED2DC86A4500B92CF6 = {
						CreatedOnToolsVersion = 16.3;
						TestTargetID = 676FFAE02DC86A4400B92CF6;
					};
					676FFAF72DC86A4500B92CF6 = {
						CreatedOnToolsVersion = 16.3;
						TestTargetID = 676FFAE02DC86A4400B92CF6;
					};
				};
			};
			buildConfigurationList = 676FFADC2DC86A4400B92CF6 /* Build configuration list for PBXProject "ThreadsClone" */;
			developmentRegion = en;
			hasScannedForEncodings = 0;
			knownRegions = (
				en,
				Base,
			);
			mainGroup = 676FFAD82DC86A4400B92CF6;
			minimizedProjectReferenceProxies = 1;
			packageReferences = (
				67B56DB72DFFDF4D00FEE91C /* XCRemoteSwiftPackageReference "firebase-ios-sdk" */,
				672E75192E4309C3001F9587 /* XCRemoteSwiftPackageReference "Kingfisher" */,
			);
			preferredProjectObjectVersion = 77;
			productRefGroup = 676FFAE22DC86A4400B92CF6 /* Products */;
			projectDirPath = "";
			projectRoot = "";
			targets = (
				676FFAE02DC86A4400B92CF6 /* TodayDiary */,
				676FFAED2DC86A4500B92CF6 /* ThreadsCloneTests */,
				676FFAF72DC86A4500B92CF6 /* ThreadsCloneUITests */,
			);
		};
/* End PBXProject section */

/* Begin PBXResourcesBuildPhase section */
		676FFADF2DC86A4400B92CF6 /* Resources */ = {
			isa = PBXResourcesBuildPhase;
			buildActionMask = 2147483647;
			files = (
				6734B4EF2DC8B0CF00B0D468 /* .gitignore in Resources */,
				6734B4EB2DC8AFF600B0D468 /* README.md in Resources */,
			);
			runOnlyForDeploymentPostprocessing = 0;
		};
		676FFAEC2DC86A4500B92CF6 /* Resources */ = {
			isa = PBXResourcesBuildPhase;
			buildActionMask = 2147483647;
			files = (
			);
			runOnlyForDeploymentPostprocessing = 0;
		};
		676FFAF62DC86A4500B92CF6 /* Resources */ = {
			isa = PBXResourcesBuildPhase;
			buildActionMask = 2147483647;
			files = (
			);
			runOnlyForDeploymentPostprocessing = 0;
		};
/* End PBXResourcesBuildPhase section */

/* Begin PBXSourcesBuildPhase section */
		676FFADD2DC86A4400B92CF6 /* Sources */ = {
			isa = PBXSourcesBuildPhase;
			buildActionMask = 2147483647;
			files = (
			);
			runOnlyForDeploymentPostprocessing = 0;
		};
		676FFAEA2DC86A4500B92CF6 /* Sources */ = {
			isa = PBXSourcesBuildPhase;
			buildActionMask = 2147483647;
			files = (
			);
			runOnlyForDeploymentPostprocessing = 0;
		};
		676FFAF42DC86A4500B92CF6 /* Sources */ = {
			isa = PBXSourcesBuildPhase;
			buildActionMask = 2147483647;
			files = (
			);
			runOnlyForDeploymentPostprocessing = 0;
		};
/* End PBXSourcesBuildPhase section */

/* Begin PBXTargetDependency section */
		676FFAF02DC86A4500B92CF6 /* PBXTargetDependency */ = {
			isa = PBXTargetDependency;
			target = 676FFAE02DC86A4400B92CF6 /* TodayDiary */;
			targetProxy = 676FFAEF2DC86A4500B92CF6 /* PBXContainerItemProxy */;
		};
		676FFAFA2DC86A4500B92CF6 /* PBXTargetDependency */ = {
			isa = PBXTargetDependency;
			target = 676FFAE02DC86A4400B92CF6 /* TodayDiary */;
			targetProxy = 676FFAF92DC86A4500B92CF6 /* PBXContainerItemProxy */;
		};
/* End PBXTargetDependency section */

/* Begin XCBuildConfiguration section */
		676FFB002DC86A4500B92CF6 /* Debug */ = {
			isa = XCBuildConfiguration;
			buildSettings = {
				ALWAYS_SEARCH_USER_PATHS = NO;
				ASSETCATALOG_COMPILER_GENERATE_SWIFT_ASSET_SYMBOL_EXTENSIONS = YES;
				CLANG_ANALYZER_NONNULL = YES;
				CLANG_ANALYZER_NUMBER_OBJECT_CONVERSION = YES_AGGRESSIVE;
				CLANG_CXX_LANGUAGE_STANDARD = "gnu++20";
				CLANG_ENABLE_MODULES = YES;
				CLANG_ENABLE_OBJC_ARC = YES;
				CLANG_ENABLE_OBJC_WEAK = YES;
				CLANG_WARN_BLOCK_CAPTURE_AUTORELEASING = YES;
				CLANG_WARN_BOOL_CONVERSION = YES;
				CLANG_WARN_COMMA = YES;
				CLANG_WARN_CONSTANT_CONVERSION = YES;
				CLANG_WARN_DEPRECATED_OBJC_IMPLEMENTATIONS = YES;
				CLANG_WARN_DIRECT_OBJC_ISA_USAGE = YES_ERROR;
				CLANG_WARN_DOCUMENTATION_COMMENTS = YES;
				CLANG_WARN_EMPTY_BODY = YES;
				CLANG_WARN_ENUM_CONVERSION = YES;
				CLANG_WARN_INFINITE_RECURSION = YES;
				CLANG_WARN_INT_CONVERSION = YES;
				CLANG_WARN_NON_LITERAL_NULL_CONVERSION = YES;
				CLANG_WARN_OBJC_IMPLICIT_RETAIN_SELF = YES;
				CLANG_WARN_OBJC_LITERAL_CONVERSION = YES;
				CLANG_WARN_OBJC_ROOT_CLASS = YES_ERROR;
				CLANG_WARN_QUOTED_INCLUDE_IN_FRAMEWORK_HEADER = YES;
				CLANG_WARN_RANGE_LOOP_ANALYSIS = YES;
				CLANG_WARN_STRICT_PROTOTYPES = YES;
				CLANG_WARN_SUSPICIOUS_MOVE = YES;
				CLANG_WARN_UNGUARDED_AVAILABILITY = YES_AGGRESSIVE;
				CLANG_WARN_UNREACHABLE_CODE = YES;
				CLANG_WARN__DUPLICATE_METHOD_MATCH = YES;
				COPY_PHASE_STRIP = NO;
				DEBUG_INFORMATION_FORMAT = dwarf;
				ENABLE_STRICT_OBJC_MSGSEND = YES;
				ENABLE_TESTABILITY = YES;
				ENABLE_USER_SCRIPT_SANDBOXING = YES;
				GCC_C_LANGUAGE_STANDARD = gnu17;
				GCC_DYNAMIC_NO_PIC = NO;
				GCC_NO_COMMON_BLOCKS = YES;
				GCC_OPTIMIZATION_LEVEL = 0;
				GCC_PREPROCESSOR_DEFINITIONS = (
					"DEBUG=1",
					"$(inherited)",
				);
				GCC_WARN_64_TO_32_BIT_CONVERSION = YES;
				GCC_WARN_ABOUT_RETURN_TYPE = YES_ERROR;
				GCC_WARN_UNDECLARED_SELECTOR = YES;
				GCC_WARN_UNINITIALIZED_AUTOS = YES_AGGRESSIVE;
				GCC_WARN_UNUSED_FUNCTION = YES;
				GCC_WARN_UNUSED_VARIABLE = YES;
				IPHONEOS_DEPLOYMENT_TARGET = 18.4;
				LOCALIZATION_PREFERS_STRING_CATALOGS = YES;
				MTL_ENABLE_DEBUG_INFO = INCLUDE_SOURCE;
				MTL_FAST_MATH = YES;
				ONLY_ACTIVE_ARCH = YES;
				SDKROOT = iphoneos;
				SWIFT_ACTIVE_COMPILATION_CONDITIONS = "DEBUG $(inherited)";
				SWIFT_OPTIMIZATION_LEVEL = "-Onone";
			};
			name = Debug;
		};
		676FFB012DC86A4500B92CF6 /* Release */ = {
			isa = XCBuildConfiguration;
			buildSettings = {
				ALWAYS_SEARCH_USER_PATHS = NO;
				ASSETCATALOG_COMPILER_GENERATE_SWIFT_ASSET_SYMBOL_EXTENSIONS = YES;
				CLANG_ANALYZER_NONNULL = YES;
				CLANG_ANALYZER_NUMBER_OBJECT_CONVERSION = YES_AGGRESSIVE;
				CLANG_CXX_LANGUAGE_STANDARD = "gnu++20";
				CLANG_ENABLE_MODULES = YES;
				CLANG_ENABLE_OBJC_ARC = YES;
				CLANG_ENABLE_OBJC_WEAK = YES;
				CLANG_WARN_BLOCK_CAPTURE_AUTORELEASING = YES;
				CLANG_WARN_BOOL_CONVERSION = YES;
				CLANG_WARN_COMMA = YES;
				CLANG_WARN_CONSTANT_CONVERSION = YES;
				CLANG_WARN_DEPRECATED_OBJC_IMPLEMENTATIONS = YES;
				CLANG_WARN_DIRECT_OBJC_ISA_USAGE = YES_ERROR;
				CLANG_WARN_DOCUMENTATION_COMMENTS = YES;
				CLANG_WARN_EMPTY_BODY = YES;
				CLANG_WARN_ENUM_CONVERSION = YES;
				CLANG_WARN_INFINITE_RECURSION = YES;
				CLANG_WARN_INT_CONVERSION = YES;
				CLANG_WARN_NON_LITERAL_NULL_CONVERSION = YES;
				CLANG_WARN_OBJC_IMPLICIT_RETAIN_SELF = YES;
				CLANG_WARN_OBJC_LITERAL_CONVERSION = YES;
				CLANG_WARN_OBJC_ROOT_CLASS = YES_ERROR;
				CLANG_WARN_QUOTED_INCLUDE_IN_FRAMEWORK_HEADER = YES;
				CLANG_WARN_RANGE_LOOP_ANALYSIS = YES;
				CLANG_WARN_STRICT_PROTOTYPES = YES;
				CLANG_WARN_SUSPICIOUS_MOVE = YES;
				CLANG_WARN_UNGUARDED_AVAILABILITY = YES_AGGRESSIVE;
				CLANG_WARN_UNREACHABLE_CODE = YES;
				CLANG_WARN__DUPLICATE_METHOD_MATCH = YES;
				COPY_PHASE_STRIP = NO;
				DEBUG_INFORMATION_FORMAT = "dwarf-with-dsym";
				ENABLE_NS_ASSERTIONS = NO;
				ENABLE_STRICT_OBJC_MSGSEND = YES;
				ENABLE_USER_SCRIPT_SANDBOXING = YES;
				GCC_C_LANGUAGE_STANDARD = gnu17;
				GCC_NO_COMMON_BLOCKS = YES;
				GCC_WARN_64_TO_32_BIT_CONVERSION = YES;
				GCC_WARN_ABOUT_RETURN_TYPE = YES_ERROR;
				GCC_WARN_UNDECLARED_SELECTOR = YES;
				GCC_WARN_UNINITIALIZED_AUTOS = YES_AGGRESSIVE;
				GCC_WARN_UNUSED_FUNCTION = YES;
				GCC_WARN_UNUSED_VARIABLE = YES;
				IPHONEOS_DEPLOYMENT_TARGET = 18.4;
				LOCALIZATION_PREFERS_STRING_CATALOGS = YES;
				MTL_ENABLE_DEBUG_INFO = NO;
				MTL_FAST_MATH = YES;
				SDKROOT = iphoneos;
				SWIFT_COMPILATION_MODE = wholemodule;
				VALIDATE_PRODUCT = YES;
			};
			name = Release;
		};
		676FFB032DC86A4500B92CF6 /* Debug */ = {
			isa = XCBuildConfiguration;
			buildSettings = {
				ASSETCATALOG_COMPILER_APPICON_NAME = AppIcon;
				ASSETCATALOG_COMPILER_GLOBAL_ACCENT_COLOR_NAME = AccentColor;
				CODE_SIGN_STYLE = Automatic;
				CURRENT_PROJECT_VERSION = 1;
				DEVELOPMENT_TEAM = "";
				ENABLE_PREVIEWS = YES;
				GENERATE_INFOPLIST_FILE = YES;
				INFOPLIST_FILE = "TodayDiary-Info.plist";
				INFOPLIST_KEY_CFBundleDisplayName = "오늘의일기";
				INFOPLIST_KEY_LSApplicationCategoryType = "public.app-category.social-networking";
				INFOPLIST_KEY_NSPhotoLibraryUsageDescription = "프로필 사진을 변경하기 위해 사용자의 사진 앨범에 접근합니다";
				INFOPLIST_KEY_UIApplicationSceneManifest_Generation = YES;
				INFOPLIST_KEY_UIApplicationSupportsIndirectInputEvents = YES;
				INFOPLIST_KEY_UILaunchScreen_Generation = YES;
				INFOPLIST_KEY_UISupportedInterfaceOrientations_iPad = "UIInterfaceOrientationPortrait UIInterfaceOrientationPortraitUpsideDown UIInterfaceOrientationLandscapeLeft UIInterfaceOrientationLandscapeRight";
				INFOPLIST_KEY_UISupportedInterfaceOrientations_iPhone = "UIInterfaceOrientationPortrait UIInterfaceOrientationLandscapeLeft UIInterfaceOrientationLandscapeRight";
				IPHONEOS_DEPLOYMENT_TARGET = 17.6;
				LD_RUNPATH_SEARCH_PATHS = (
					"$(inherited)",
					"@executable_path/Frameworks",
				);
				MARKETING_VERSION = 1.0;
				PRODUCT_BUNDLE_IDENTIFIER = com.yoon.ThreadsClone;
				PRODUCT_NAME = "$(TARGET_NAME)";
				SUPPORTED_PLATFORMS = "iphoneos iphonesimulator";
				SUPPORTS_MACCATALYST = NO;
				SWIFT_EMIT_LOC_STRINGS = YES;
				SWIFT_VERSION = 5.0;
				TARGETED_DEVICE_FAMILY = 1;
			};
			name = Debug;
		};
		676FFB042DC86A4500B92CF6 /* Release */ = {
			isa = XCBuildConfiguration;
			buildSettings = {
				ASSETCATALOG_COMPILER_APPICON_NAME = AppIcon;
				ASSETCATALOG_COMPILER_GLOBAL_ACCENT_COLOR_NAME = AccentColor;
				CODE_SIGN_STYLE = Automatic;
				CURRENT_PROJECT_VERSION = 1;
				DEVELOPMENT_TEAM = "";
				ENABLE_PREVIEWS = YES;
				GENERATE_INFOPLIST_FILE = YES;
				INFOPLIST_FILE = "TodayDiary-Info.plist";
				INFOPLIST_KEY_CFBundleDisplayName = "오늘의일기";
				INFOPLIST_KEY_LSApplicationCategoryType = "public.app-category.social-networking";
				INFOPLIST_KEY_NSPhotoLibraryUsageDescription = "프로필 사진을 변경하기 위해 사용자의 사진 앨범에 접근합니다";
				INFOPLIST_KEY_UIApplicationSceneManifest_Generation = YES;
				INFOPLIST_KEY_UIApplicationSupportsIndirectInputEvents = YES;
				INFOPLIST_KEY_UILaunchScreen_Generation = YES;
				INFOPLIST_KEY_UISupportedInterfaceOrientations_iPad = "UIInterfaceOrientationPortrait UIInterfaceOrientationPortraitUpsideDown UIInterfaceOrientationLandscapeLeft UIInterfaceOrientationLandscapeRight";
				INFOPLIST_KEY_UISupportedInterfaceOrientations_iPhone = "UIInterfaceOrientationPortrait UIInterfaceOrientationLandscapeLeft UIInterfaceOrientationLandscapeRight";
				IPHONEOS_DEPLOYMENT_TARGET = 17.6;
				LD_RUNPATH_SEARCH_PATHS = (
					"$(inherited)",
					"@executable_path/Frameworks",
				);
				MARKETING_VERSION = 1.0;
				PRODUCT_BUNDLE_IDENTIFIER = com.yoon.TodayDiary;
				PRODUCT_NAME = "$(TARGET_NAME)";
				SUPPORTED_PLATFORMS = "iphoneos iphonesimulator";
				SUPPORTS_MACCATALYST = NO;
				SWIFT_EMIT_LOC_STRINGS = YES;
				SWIFT_VERSION = 5.0;
				TARGETED_DEVICE_FAMILY = 1;
			};
			name = Release;
		};
		676FFB062DC86A4500B92CF6 /* Debug */ = {
			isa = XCBuildConfiguration;
			buildSettings = {
				BUNDLE_LOADER = "$(TEST_HOST)";
				CODE_SIGN_STYLE = Automatic;
				CURRENT_PROJECT_VERSION = 1;
				GENERATE_INFOPLIST_FILE = YES;
				IPHONEOS_DEPLOYMENT_TARGET = 18.4;
				MARKETING_VERSION = 1.0;
				PRODUCT_BUNDLE_IDENTIFIER = com.yoon.ThreadsCloneTests;
				PRODUCT_NAME = "$(TARGET_NAME)";
				SWIFT_EMIT_LOC_STRINGS = NO;
				SWIFT_VERSION = 5.0;
				TARGETED_DEVICE_FAMILY = "1,2";
				TEST_HOST = "$(BUILT_PRODUCTS_DIR)/ThreadsClone.app/$(BUNDLE_EXECUTABLE_FOLDER_PATH)/ThreadsClone";
			};
			name = Debug;
		};
		676FFB072DC86A4500B92CF6 /* Release */ = {
			isa = XCBuildConfiguration;
			buildSettings = {
				BUNDLE_LOADER = "$(TEST_HOST)";
				CODE_SIGN_STYLE = Automatic;
				CURRENT_PROJECT_VERSION = 1;
				GENERATE_INFOPLIST_FILE = YES;
				IPHONEOS_DEPLOYMENT_TARGET = 18.4;
				MARKETING_VERSION = 1.0;
				PRODUCT_BUNDLE_IDENTIFIER = com.yoon.ThreadsCloneTests;
				PRODUCT_NAME = "$(TARGET_NAME)";
				SWIFT_EMIT_LOC_STRINGS = NO;
				SWIFT_VERSION = 5.0;
				TARGETED_DEVICE_FAMILY = "1,2";
				TEST_HOST = "$(BUILT_PRODUCTS_DIR)/ThreadsClone.app/$(BUNDLE_EXECUTABLE_FOLDER_PATH)/ThreadsClone";
			};
			name = Release;
		};
		676FFB092DC86A4500B92CF6 /* Debug */ = {
			isa = XCBuildConfiguration;
			buildSettings = {
				CODE_SIGN_STYLE = Automatic;
				CURRENT_PROJECT_VERSION = 1;
				GENERATE_INFOPLIST_FILE = YES;
				MARKETING_VERSION = 1.0;
				PRODUCT_BUNDLE_IDENTIFIER = com.yoon.ThreadsCloneUITests;
				PRODUCT_NAME = "$(TARGET_NAME)";
				SWIFT_EMIT_LOC_STRINGS = NO;
				SWIFT_VERSION = 5.0;
				TARGETED_DEVICE_FAMILY = "1,2";
				TEST_TARGET_NAME = ThreadsClone;
			};
			name = Debug;
		};
		676FFB0A2DC86A4500B92CF6 /* Release */ = {
			isa = XCBuildConfiguration;
			buildSettings = {
				CODE_SIGN_STYLE = Automatic;
				CURRENT_PROJECT_VERSION = 1;
				GENERATE_INFOPLIST_FILE = YES;
				MARKETING_VERSION = 1.0;
				PRODUCT_BUNDLE_IDENTIFIER = com.yoon.ThreadsCloneUITests;
				PRODUCT_NAME = "$(TARGET_NAME)";
				SWIFT_EMIT_LOC_STRINGS = NO;
				SWIFT_VERSION = 5.0;
				TARGETED_DEVICE_FAMILY = "1,2";
				TEST_TARGET_NAME = ThreadsClone;
			};
			name = Release;
		};
/* End XCBuildConfiguration section */

/* Begin XCConfigurationList section */
		676FFADC2DC86A4400B92CF6 /* Build configuration list for PBXProject "ThreadsClone" */ = {
			isa = XCConfigurationList;
			buildConfigurations = (
				676FFB002DC86A4500B92CF6 /* Debug */,
				676FFB012DC86A4500B92CF6 /* Release */,
			);
			defaultConfigurationIsVisible = 0;
			defaultConfigurationName = Release;
		};
		676FFB022DC86A4500B92CF6 /* Build configuration list for PBXNativeTarget "TodayDiary" */ = {
			isa = XCConfigurationList;
			buildConfigurations = (
				676FFB032DC86A4500B92CF6 /* Debug */,
				676FFB042DC86A4500B92CF6 /* Release */,
			);
			defaultConfigurationIsVisible = 0;
			defaultConfigurationName = Release;
		};
		676FFB052DC86A4500B92CF6 /* Build configuration list for PBXNativeTarget "ThreadsCloneTests" */ = {
			isa = XCConfigurationList;
			buildConfigurations = (
				676FFB062DC86A4500B92CF6 /* Debug */,
				676FFB072DC86A4500B92CF6 /* Release */,
			);
			defaultConfigurationIsVisible = 0;
			defaultConfigurationName = Release;
		};
		676FFB082DC86A4500B92CF6 /* Build configuration list for PBXNativeTarget "ThreadsCloneUITests" */ = {
			isa = XCConfigurationList;
			buildConfigurations = (
				676FFB092DC86A4500B92CF6 /* Debug */,
				676FFB0A2DC86A4500B92CF6 /* Release */,
			);
			defaultConfigurationIsVisible = 0;
			defaultConfigurationName = Release;
		};
/* End XCConfigurationList section */

/* Begin XCRemoteSwiftPackageReference section */
		672E75192E4309C3001F9587 /* XCRemoteSwiftPackageReference "Kingfisher" */ = {
			isa = XCRemoteSwiftPackageReference;
			repositoryURL = "https://github.com/onevcat/Kingfisher.git";
			requirement = {
				kind = upToNextMajorVersion;
				minimumVersion = 8.5.0;
			};
		};
		67B56DB72DFFDF4D00FEE91C /* XCRemoteSwiftPackageReference "firebase-ios-sdk" */ = {
			isa = XCRemoteSwiftPackageReference;
			repositoryURL = "https://github.com/firebase/firebase-ios-sdk";
			requirement = {
				kind = upToNextMajorVersion;
				minimumVersion = 11.14.0;
			};
		};
/* End XCRemoteSwiftPackageReference section */

/* Begin XCSwiftPackageProductDependency section */
		672E751A2E4309C3001F9587 /* Kingfisher */ = {
			isa = XCSwiftPackageProductDependency;
			package = 672E75192E4309C3001F9587 /* XCRemoteSwiftPackageReference "Kingfisher" */;
			productName = Kingfisher;
		};
		67B56DB82DFFDF4D00FEE91C /* FirebaseAuth */ = {
			isa = XCSwiftPackageProductDependency;
			package = 67B56DB72DFFDF4D00FEE91C /* XCRemoteSwiftPackageReference "firebase-ios-sdk" */;
			productName = FirebaseAuth;
		};
		67B56DBA2DFFDF4D00FEE91C /* FirebaseFirestore */ = {
			isa = XCSwiftPackageProductDependency;
			package = 67B56DB72DFFDF4D00FEE91C /* XCRemoteSwiftPackageReference "firebase-ios-sdk" */;
			productName = FirebaseFirestore;
		};
		67B56DBC2DFFDF4D00FEE91C /* FirebaseStorage */ = {
			isa = XCSwiftPackageProductDependency;
			package = 67B56DB72DFFDF4D00FEE91C /* XCRemoteSwiftPackageReference "firebase-ios-sdk" */;
			productName = FirebaseStorage;
		};
/* End XCSwiftPackageProductDependency section */
	};
	rootObject = 676FFAD92DC86A4400B92CF6 /* Project object */;
}
